// !$*UTF8*$!
{
	archiveVersion = 1;
	classes = {
	};
	objectVersion = 56;
	objects = {

/* Begin PBXBuildFile section */
		2D5BBEA22C2E0C8800816AC0 /* SpaceXLaunchesApp.swift in Sources */ = {isa = PBXBuildFile; fileRef = 2D5BBEA12C2E0C8800816AC0 /* SpaceXLaunchesApp.swift */; };
		2D5BBEA42C2E0C8800816AC0 /* ContentView.swift in Sources */ = {isa = PBXBuildFile; fileRef = 2D5BBEA32C2E0C8800816AC0 /* ContentView.swift */; };
		2D5BBEA62C2E0C8800816AC0 /* Item.swift in Sources */ = {isa = PBXBuildFile; fileRef = 2D5BBEA52C2E0C8800816AC0 /* Item.swift */; };
		2D5BBEA82C2E0C8800816AC0 /* Assets.xcassets in Resources */ = {isa = PBXBuildFile; fileRef = 2D5BBEA72C2E0C8800816AC0 /* Assets.xcassets */; };
		2D5BBEAB2C2E0C8800816AC0 /* Preview Assets.xcassets in Resources */ = {isa = PBXBuildFile; fileRef = 2D5BBEAA2C2E0C8800816AC0 /* Preview Assets.xcassets */; };
		2D5BBEB52C2E0C8800816AC0 /* SpaceXLaunchesTests.swift in Sources */ = {isa = PBXBuildFile; fileRef = 2D5BBEB42C2E0C8800816AC0 /* SpaceXLaunchesTests.swift */; };
		2D5BBEBF2C2E0C8800816AC0 /* SpaceXLaunchesUITests.swift in Sources */ = {isa = PBXBuildFile; fileRef = 2D5BBEBE2C2E0C8800816AC0 /* SpaceXLaunchesUITests.swift */; };
		2D5BBEC12C2E0C8800816AC0 /* SpaceXLaunchesUITestsLaunchTests.swift in Sources */ = {isa = PBXBuildFile; fileRef = 2D5BBEC02C2E0C8800816AC0 /* SpaceXLaunchesUITestsLaunchTests.swift */; };
		2D5BBECF2C2E138B00816AC0 /* Launch.swift in Sources */ = {isa = PBXBuildFile; fileRef = 2D5BBECE2C2E138B00816AC0 /* Launch.swift */; };
		2D5BBED12C2E13A800816AC0 /* Core.swift in Sources */ = {isa = PBXBuildFile; fileRef = 2D5BBED02C2E13A800816AC0 /* Core.swift */; };
		2D5BBED32C2E13BE00816AC0 /* Failure.swift in Sources */ = {isa = PBXBuildFile; fileRef = 2D5BBED22C2E13BE00816AC0 /* Failure.swift */; };
		2D5BBED52C2E13D000816AC0 /* Fairings.swift in Sources */ = {isa = PBXBuildFile; fileRef = 2D5BBED42C2E13D000816AC0 /* Fairings.swift */; };
		2D5BBED72C2E13E600816AC0 /* Links.swift in Sources */ = {isa = PBXBuildFile; fileRef = 2D5BBED62C2E13E600816AC0 /* Links.swift */; };
		2D5BBED92C2E13FC00816AC0 /* Flickr.swift in Sources */ = {isa = PBXBuildFile; fileRef = 2D5BBED82C2E13FC00816AC0 /* Flickr.swift */; };
		2D5BBEDB2C2E141000816AC0 /* Patch.swift in Sources */ = {isa = PBXBuildFile; fileRef = 2D5BBEDA2C2E141000816AC0 /* Patch.swift */; };
		2D5BBEDD2C2E142500816AC0 /* Reddit.swift in Sources */ = {isa = PBXBuildFile; fileRef = 2D5BBEDC2C2E142500816AC0 /* Reddit.swift */; };
		2D5BBEDF2C2E14BA00816AC0 /* Crew.swift in Sources */ = {isa = PBXBuildFile; fileRef = 2D5BBEDE2C2E14BA00816AC0 /* Crew.swift */; };
/* End PBXBuildFile section */

/* Begin PBXContainerItemProxy section */
		2D5BBEB12C2E0C8800816AC0 /* PBXContainerItemProxy */ = {
			isa = PBXContainerItemProxy;
			containerPortal = 2D5BBE962C2E0C8800816AC0 /* Project object */;
			proxyType = 1;
			remoteGlobalIDString = 2D5BBE9D2C2E0C8800816AC0;
			remoteInfo = SpaceXLaunches;
		};
		2D5BBEBB2C2E0C8800816AC0 /* PBXContainerItemProxy */ = {
			isa = PBXContainerItemProxy;
			containerPortal = 2D5BBE962C2E0C8800816AC0 /* Project object */;
			proxyType = 1;
			remoteGlobalIDString = 2D5BBE9D2C2E0C8800816AC0;
			remoteInfo = SpaceXLaunches;
		};
/* End PBXContainerItemProxy section */

/* Begin PBXFileReference section */
		2D5BBE9E2C2E0C8800816AC0 /* SpaceXLaunches.app */ = {isa = PBXFileReference; explicitFileType = wrapper.application; includeInIndex = 0; path = SpaceXLaunches.app; sourceTree = BUILT_PRODUCTS_DIR; };
		2D5BBEA12C2E0C8800816AC0 /* SpaceXLaunchesApp.swift */ = {isa = PBXFileReference; lastKnownFileType = sourcecode.swift; path = SpaceXLaunchesApp.swift; sourceTree = "<group>"; };
		2D5BBEA32C2E0C8800816AC0 /* ContentView.swift */ = {isa = PBXFileReference; lastKnownFileType = sourcecode.swift; path = ContentView.swift; sourceTree = "<group>"; };
		2D5BBEA52C2E0C8800816AC0 /* Item.swift */ = {isa = PBXFileReference; lastKnownFileType = sourcecode.swift; path = Item.swift; sourceTree = "<group>"; };
		2D5BBEA72C2E0C8800816AC0 /* Assets.xcassets */ = {isa = PBXFileReference; lastKnownFileType = folder.assetcatalog; path = Assets.xcassets; sourceTree = "<group>"; };
		2D5BBEAA2C2E0C8800816AC0 /* Preview Assets.xcassets */ = {isa = PBXFileReference; lastKnownFileType = folder.assetcatalog; path = "Preview Assets.xcassets"; sourceTree = "<group>"; };
		2D5BBEB02C2E0C8800816AC0 /* SpaceXLaunchesTests.xctest */ = {isa = PBXFileReference; explicitFileType = wrapper.cfbundle; includeInIndex = 0; path = SpaceXLaunchesTests.xctest; sourceTree = BUILT_PRODUCTS_DIR; };
		2D5BBEB42C2E0C8800816AC0 /* SpaceXLaunchesTests.swift */ = {isa = PBXFileReference; lastKnownFileType = sourcecode.swift; path = SpaceXLaunchesTests.swift; sourceTree = "<group>"; };
		2D5BBEBA2C2E0C8800816AC0 /* SpaceXLaunchesUITests.xctest */ = {isa = PBXFileReference; explicitFileType = wrapper.cfbundle; includeInIndex = 0; path = SpaceXLaunchesUITests.xctest; sourceTree = BUILT_PRODUCTS_DIR; };
		2D5BBEBE2C2E0C8800816AC0 /* SpaceXLaunchesUITests.swift */ = {isa = PBXFileReference; lastKnownFileType = sourcecode.swift; path = SpaceXLaunchesUITests.swift; sourceTree = "<group>"; };
		2D5BBEC02C2E0C8800816AC0 /* SpaceXLaunchesUITestsLaunchTests.swift */ = {isa = PBXFileReference; lastKnownFileType = sourcecode.swift; path = SpaceXLaunchesUITestsLaunchTests.swift; sourceTree = "<group>"; };
		2D5BBECE2C2E138B00816AC0 /* Launch.swift */ = {isa = PBXFileReference; lastKnownFileType = sourcecode.swift; path = Launch.swift; sourceTree = "<group>"; };
		2D5BBED02C2E13A800816AC0 /* Core.swift */ = {isa = PBXFileReference; lastKnownFileType = sourcecode.swift; path = Core.swift; sourceTree = "<group>"; };
		2D5BBED22C2E13BE00816AC0 /* Failure.swift */ = {isa = PBXFileReference; lastKnownFileType = sourcecode.swift; path = Failure.swift; sourceTree = "<group>"; };
		2D5BBED42C2E13D000816AC0 /* Fairings.swift */ = {isa = PBXFileReference; lastKnownFileType = sourcecode.swift; path = Fairings.swift; sourceTree = "<group>"; };
		2D5BBED62C2E13E600816AC0 /* Links.swift */ = {isa = PBXFileReference; lastKnownFileType = sourcecode.swift; path = Links.swift; sourceTree = "<group>"; };
		2D5BBED82C2E13FC00816AC0 /* Flickr.swift */ = {isa = PBXFileReference; lastKnownFileType = sourcecode.swift; path = Flickr.swift; sourceTree = "<group>"; };
		2D5BBEDA2C2E141000816AC0 /* Patch.swift */ = {isa = PBXFileReference; lastKnownFileType = sourcecode.swift; path = Patch.swift; sourceTree = "<group>"; };
		2D5BBEDC2C2E142500816AC0 /* Reddit.swift */ = {isa = PBXFileReference; lastKnownFileType = sourcecode.swift; path = Reddit.swift; sourceTree = "<group>"; };
		2D5BBEDE2C2E14BA00816AC0 /* Crew.swift */ = {isa = PBXFileReference; lastKnownFileType = sourcecode.swift; path = Crew.swift; sourceTree = "<group>"; };
/* End PBXFileReference section */

/* Begin PBXFrameworksBuildPhase section */
		2D5BBE9B2C2E0C8800816AC0 /* Frameworks */ = {
			isa = PBXFrameworksBuildPhase;
			buildActionMask = 2147483647;
			files = (
			);
			runOnlyForDeploymentPostprocessing = 0;
		};
		2D5BBEAD2C2E0C8800816AC0 /* Frameworks */ = {
			isa = PBXFrameworksBuildPhase;
			buildActionMask = 2147483647;
			files = (
			);
			runOnlyForDeploymentPostprocessing = 0;
		};
		2D5BBEB72C2E0C8800816AC0 /* Frameworks */ = {
			isa = PBXFrameworksBuildPhase;
			buildActionMask = 2147483647;
			files = (
			);
			runOnlyForDeploymentPostprocessing = 0;
		};
/* End PBXFrameworksBuildPhase section */

/* Begin PBXGroup section */
		2D5BBE952C2E0C8800816AC0 = {
			isa = PBXGroup;
			children = (
				2D5BBEA02C2E0C8800816AC0 /* SpaceXLaunches */,
				2D5BBEB32C2E0C8800816AC0 /* SpaceXLaunchesTests */,
				2D5BBEBD2C2E0C8800816AC0 /* SpaceXLaunchesUITests */,
				2D5BBE9F2C2E0C8800816AC0 /* Products */,
			);
			sourceTree = "<group>";
		};
		2D5BBE9F2C2E0C8800816AC0 /* Products */ = {
			isa = PBXGroup;
			children = (
				2D5BBE9E2C2E0C8800816AC0 /* SpaceXLaunches.app */,
				2D5BBEB02C2E0C8800816AC0 /* SpaceXLaunchesTests.xctest */,
				2D5BBEBA2C2E0C8800816AC0 /* SpaceXLaunchesUITests.xctest */,
			);
			name = Products;
			sourceTree = "<group>";
		};
		2D5BBEA02C2E0C8800816AC0 /* SpaceXLaunches */ = {
			isa = PBXGroup;
			children = (
				2D5BBECD2C2E122200816AC0 /* Model */,
				2D5BBEA12C2E0C8800816AC0 /* SpaceXLaunchesApp.swift */,
				2D5BBEA32C2E0C8800816AC0 /* ContentView.swift */,
				2D5BBEA52C2E0C8800816AC0 /* Item.swift */,
				2D5BBEA72C2E0C8800816AC0 /* Assets.xcassets */,
				2D5BBEA92C2E0C8800816AC0 /* Preview Content */,
			);
			path = SpaceXLaunches;
			sourceTree = "<group>";
		};
		2D5BBEA92C2E0C8800816AC0 /* Preview Content */ = {
			isa = PBXGroup;
			children = (
				2D5BBEAA2C2E0C8800816AC0 /* Preview Assets.xcassets */,
			);
			path = "Preview Content";
			sourceTree = "<group>";
		};
		2D5BBEB32C2E0C8800816AC0 /* SpaceXLaunchesTests */ = {
			isa = PBXGroup;
			children = (
				2D5BBEB42C2E0C8800816AC0 /* SpaceXLaunchesTests.swift */,
			);
			path = SpaceXLaunchesTests;
			sourceTree = "<group>";
		};
		2D5BBEBD2C2E0C8800816AC0 /* SpaceXLaunchesUITests */ = {
			isa = PBXGroup;
			children = (
				2D5BBEBE2C2E0C8800816AC0 /* SpaceXLaunchesUITests.swift */,
				2D5BBEC02C2E0C8800816AC0 /* SpaceXLaunchesUITestsLaunchTests.swift */,
			);
			path = SpaceXLaunchesUITests;
			sourceTree = "<group>";
		};
		2D5BBECD2C2E122200816AC0 /* Model */ = {
			isa = PBXGroup;
			children = (
				2D5BBECE2C2E138B00816AC0 /* Launch.swift */,
				2D5BBED02C2E13A800816AC0 /* Core.swift */,
				2D5BBED22C2E13BE00816AC0 /* Failure.swift */,
				2D5BBED42C2E13D000816AC0 /* Fairings.swift */,
				2D5BBED62C2E13E600816AC0 /* Links.swift */,
				2D5BBED82C2E13FC00816AC0 /* Flickr.swift */,
				2D5BBEDA2C2E141000816AC0 /* Patch.swift */,
				2D5BBEDC2C2E142500816AC0 /* Reddit.swift */,
				2D5BBEDE2C2E14BA00816AC0 /* Crew.swift */,
			);
			path = Model;
			sourceTree = "<group>";
		};
/* End PBXGroup section */

/* Begin PBXNativeTarget section */
		2D5BBE9D2C2E0C8800816AC0 /* SpaceXLaunches */ = {
			isa = PBXNativeTarget;
			buildConfigurationList = 2D5BBEC42C2E0C8800816AC0 /* Build configuration list for PBXNativeTarget "SpaceXLaunches" */;
			buildPhases = (
				2D5BBE9A2C2E0C8800816AC0 /* Sources */,
				2D5BBE9B2C2E0C8800816AC0 /* Frameworks */,
				2D5BBE9C2C2E0C8800816AC0 /* Resources */,
			);
			buildRules = (
			);
			dependencies = (
			);
			name = SpaceXLaunches;
			productName = SpaceXLaunches;
			productReference = 2D5BBE9E2C2E0C8800816AC0 /* SpaceXLaunches.app */;
			productType = "com.apple.product-type.application";
		};
		2D5BBEAF2C2E0C8800816AC0 /* SpaceXLaunchesTests */ = {
			isa = PBXNativeTarget;
			buildConfigurationList = 2D5BBEC72C2E0C8800816AC0 /* Build configuration list for PBXNativeTarget "SpaceXLaunchesTests" */;
			buildPhases = (
				2D5BBEAC2C2E0C8800816AC0 /* Sources */,
				2D5BBEAD2C2E0C8800816AC0 /* Frameworks */,
				2D5BBEAE2C2E0C8800816AC0 /* Resources */,
			);
			buildRules = (
			);
			dependencies = (
				2D5BBEB22C2E0C8800816AC0 /* PBXTargetDependency */,
			);
			name = SpaceXLaunchesTests;
			productName = SpaceXLaunchesTests;
			productReference = 2D5BBEB02C2E0C8800816AC0 /* SpaceXLaunchesTests.xctest */;
			productType = "com.apple.product-type.bundle.unit-test";
		};
		2D5BBEB92C2E0C8800816AC0 /* SpaceXLaunchesUITests */ = {
			isa = PBXNativeTarget;
			buildConfigurationList = 2D5BBECA2C2E0C8800816AC0 /* Build configuration list for PBXNativeTarget "SpaceXLaunchesUITests" */;
			buildPhases = (
				2D5BBEB62C2E0C8800816AC0 /* Sources */,
				2D5BBEB72C2E0C8800816AC0 /* Frameworks */,
				2D5BBEB82C2E0C8800816AC0 /* Resources */,
			);
			buildRules = (
			);
			dependencies = (
				2D5BBEBC2C2E0C8800816AC0 /* PBXTargetDependency */,
			);
			name = SpaceXLaunchesUITests;
			productName = SpaceXLaunchesUITests;
			productReference = 2D5BBEBA2C2E0C8800816AC0 /* SpaceXLaunchesUITests.xctest */;
			productType = "com.apple.product-type.bundle.ui-testing";
		};
/* End PBXNativeTarget section */

/* Begin PBXProject section */
		2D5BBE962C2E0C8800816AC0 /* Project object */ = {
			isa = PBXProject;
			attributes = {
				BuildIndependentTargetsInParallel = 1;
				LastSwiftUpdateCheck = 1540;
				LastUpgradeCheck = 1540;
				TargetAttributes = {
					2D5BBE9D2C2E0C8800816AC0 = {
						CreatedOnToolsVersion = 15.4;
					};
					2D5BBEAF2C2E0C8800816AC0 = {
						CreatedOnToolsVersion = 15.4;
						TestTargetID = 2D5BBE9D2C2E0C8800816AC0;
					};
					2D5BBEB92C2E0C8800816AC0 = {
						CreatedOnToolsVersion = 15.4;
						TestTargetID = 2D5BBE9D2C2E0C8800816AC0;
					};
				};
			};
			buildConfigurationList = 2D5BBE992C2E0C8800816AC0 /* Build configuration list for PBXProject "SpaceXLaunches" */;
			compatibilityVersion = "Xcode 14.0";
			developmentRegion = en;
			hasScannedForEncodings = 0;
			knownRegions = (
				en,
				Base,
			);
			mainGroup = 2D5BBE952C2E0C8800816AC0;
			productRefGroup = 2D5BBE9F2C2E0C8800816AC0 /* Products */;
			projectDirPath = "";
			projectRoot = "";
			targets = (
				2D5BBE9D2C2E0C8800816AC0 /* SpaceXLaunches */,
				2D5BBEAF2C2E0C8800816AC0 /* SpaceXLaunchesTests */,
				2D5BBEB92C2E0C8800816AC0 /* SpaceXLaunchesUITests */,
			);
		};
/* End PBXProject section */

/* Begin PBXResourcesBuildPhase section */
		2D5BBE9C2C2E0C8800816AC0 /* Resources */ = {
			isa = PBXResourcesBuildPhase;
			buildActionMask = 2147483647;
			files = (
				2D5BBEAB2C2E0C8800816AC0 /* Preview Assets.xcassets in Resources */,
				2D5BBEA82C2E0C8800816AC0 /* Assets.xcassets in Resources */,
			);
			runOnlyForDeploymentPostprocessing = 0;
		};
		2D5BBEAE2C2E0C8800816AC0 /* Resources */ = {
			isa = PBXResourcesBuildPhase;
			buildActionMask = 2147483647;
			files = (
			);
			runOnlyForDeploymentPostprocessing = 0;
		};
		2D5BBEB82C2E0C8800816AC0 /* Resources */ = {
			isa = PBXResourcesBuildPhase;
			buildActionMask = 2147483647;
			files = (
			);
			runOnlyForDeploymentPostprocessing = 0;
		};
/* End PBXResourcesBuildPhase section */

/* Begin PBXSourcesBuildPhase section */
		2D5BBE9A2C2E0C8800816AC0 /* Sources */ = {
			isa = PBXSourcesBuildPhase;
			buildActionMask = 2147483647;
			files = (
				2D5BBEA42C2E0C8800816AC0 /* ContentView.swift in Sources */,
				2D5BBED92C2E13FC00816AC0 /* Flickr.swift in Sources */,
				2D5BBEDF2C2E14BA00816AC0 /* Crew.swift in Sources */,
				2D5BBED52C2E13D000816AC0 /* Fairings.swift in Sources */,
				2D5BBEA62C2E0C8800816AC0 /* Item.swift in Sources */,
				2D5BBECF2C2E138B00816AC0 /* Launch.swift in Sources */,
				2D5BBED12C2E13A800816AC0 /* Core.swift in Sources */,
				2D5BBEDD2C2E142500816AC0 /* Reddit.swift in Sources */,
				2D5BBEDB2C2E141000816AC0 /* Patch.swift in Sources */,
				2D5BBED32C2E13BE00816AC0 /* Failure.swift in Sources */,
				2D5BBEA22C2E0C8800816AC0 /* SpaceXLaunchesApp.swift in Sources */,
				2D5BBED72C2E13E600816AC0 /* Links.swift in Sources */,
			);
			runOnlyForDeploymentPostprocessing = 0;
		};
		2D5BBEAC2C2E0C8800816AC0 /* Sources */ = {
			isa = PBXSourcesBuildPhase;
			buildActionMask = 2147483647;
			files = (
				2D5BBEB52C2E0C8800816AC0 /* SpaceXLaunchesTests.swift in Sources */,
			);
			runOnlyForDeploymentPostprocessing = 0;
		};
		2D5BBEB62C2E0C8800816AC0 /* Sources */ = {
			isa = PBXSourcesBuildPhase;
			buildActionMask = 2147483647;
			files = (
				2D5BBEBF2C2E0C8800816AC0 /* SpaceXLaunchesUITests.swift in Sources */,
				2D5BBEC12C2E0C8800816AC0 /* SpaceXLaunchesUITestsLaunchTests.swift in Sources */,
			);
			runOnlyForDeploymentPostprocessing = 0;
		};
/* End PBXSourcesBuildPhase section */

/* Begin PBXTargetDependency section */
		2D5BBEB22C2E0C8800816AC0 /* PBXTargetDependency */ = {
			isa = PBXTargetDependency;
			target = 2D5BBE9D2C2E0C8800816AC0 /* SpaceXLaunches */;
			targetProxy = 2D5BBEB12C2E0C8800816AC0 /* PBXContainerItemProxy */;
		};
		2D5BBEBC2C2E0C8800816AC0 /* PBXTargetDependency */ = {
			isa = PBXTargetDependency;
			target = 2D5BBE9D2C2E0C8800816AC0 /* SpaceXLaunches */;
			targetProxy = 2D5BBEBB2C2E0C8800816AC0 /* PBXContainerItemProxy */;
		};
/* End PBXTargetDependency section */

/* Begin XCBuildConfiguration section */
		2D5BBEC22C2E0C8800816AC0 /* Debug */ = {
			isa = XCBuildConfiguration;
			buildSettings = {
				ALWAYS_SEARCH_USER_PATHS = NO;
				ASSETCATALOG_COMPILER_GENERATE_SWIFT_ASSET_SYMBOL_EXTENSIONS = YES;
				CLANG_ANALYZER_NONNULL = YES;
				CLANG_ANALYZER_NUMBER_OBJECT_CONVERSION = YES_AGGRESSIVE;
				CLANG_CXX_LANGUAGE_STANDARD = "gnu++20";
				CLANG_ENABLE_MODULES = YES;
				CLANG_ENABLE_OBJC_ARC = YES;
				CLANG_ENABLE_OBJC_WEAK = YES;
				CLANG_WARN_BLOCK_CAPTURE_AUTORELEASING = YES;
				CLANG_WARN_BOOL_CONVERSION = YES;
				CLANG_WARN_COMMA = YES;
				CLANG_WARN_CONSTANT_CONVERSION = YES;
				CLANG_WARN_DEPRECATED_OBJC_IMPLEMENTATIONS = YES;
				CLANG_WARN_DIRECT_OBJC_ISA_USAGE = YES_ERROR;
				CLANG_WARN_DOCUMENTATION_COMMENTS = YES;
				CLANG_WARN_EMPTY_BODY = YES;
				CLANG_WARN_ENUM_CONVERSION = YES;
				CLANG_WARN_INFINITE_RECURSION = YES;
				CLANG_WARN_INT_CONVERSION = YES;
				CLANG_WARN_NON_LITERAL_NULL_CONVERSION = YES;
				CLANG_WARN_OBJC_IMPLICIT_RETAIN_SELF = YES;
				CLANG_WARN_OBJC_LITERAL_CONVERSION = YES;
				CLANG_WARN_OBJC_ROOT_CLASS = YES_ERROR;
				CLANG_WARN_QUOTED_INCLUDE_IN_FRAMEWORK_HEADER = YES;
				CLANG_WARN_RANGE_LOOP_ANALYSIS = YES;
				CLANG_WARN_STRICT_PROTOTYPES = YES;
				CLANG_WARN_SUSPICIOUS_MOVE = YES;
				CLANG_WARN_UNGUARDED_AVAILABILITY = YES_AGGRESSIVE;
				CLANG_WARN_UNREACHABLE_CODE = YES;
				CLANG_WARN__DUPLICATE_METHOD_MATCH = YES;
				COPY_PHASE_STRIP = NO;
				DEBUG_INFORMATION_FORMAT = dwarf;
				ENABLE_STRICT_OBJC_MSGSEND = YES;
				ENABLE_TESTABILITY = YES;
				ENABLE_USER_SCRIPT_SANDBOXING = YES;
				GCC_C_LANGUAGE_STANDARD = gnu17;
				GCC_DYNAMIC_NO_PIC = NO;
				GCC_NO_COMMON_BLOCKS = YES;
				GCC_OPTIMIZATION_LEVEL = 0;
				GCC_PREPROCESSOR_DEFINITIONS = (
					"DEBUG=1",
					"$(inherited)",
				);
				GCC_WARN_64_TO_32_BIT_CONVERSION = YES;
				GCC_WARN_ABOUT_RETURN_TYPE = YES_ERROR;
				GCC_WARN_UNDECLARED_SELECTOR = YES;
				GCC_WARN_UNINITIALIZED_AUTOS = YES_AGGRESSIVE;
				GCC_WARN_UNUSED_FUNCTION = YES;
				GCC_WARN_UNUSED_VARIABLE = YES;
				IPHONEOS_DEPLOYMENT_TARGET = 17.5;
				LOCALIZATION_PREFERS_STRING_CATALOGS = YES;
				MTL_ENABLE_DEBUG_INFO = INCLUDE_SOURCE;
				MTL_FAST_MATH = YES;
				ONLY_ACTIVE_ARCH = YES;
				SDKROOT = iphoneos;
				SWIFT_ACTIVE_COMPILATION_CONDITIONS = "DEBUG $(inherited)";
				SWIFT_OPTIMIZATION_LEVEL = "-Onone";
			};
			name = Debug;
		};
		2D5BBEC32C2E0C8800816AC0 /* Release */ = {
			isa = XCBuildConfiguration;
			buildSettings = {
				ALWAYS_SEARCH_USER_PATHS = NO;
				ASSETCATALOG_COMPILER_GENERATE_SWIFT_ASSET_SYMBOL_EXTENSIONS = YES;
				CLANG_ANALYZER_NONNULL = YES;
				CLANG_ANALYZER_NUMBER_OBJECT_CONVERSION = YES_AGGRESSIVE;
				CLANG_CXX_LANGUAGE_STANDARD = "gnu++20";
				CLANG_ENABLE_MODULES = YES;
				CLANG_ENABLE_OBJC_ARC = YES;
				CLANG_ENABLE_OBJC_WEAK = YES;
				CLANG_WARN_BLOCK_CAPTURE_AUTORELEASING = YES;
				CLANG_WARN_BOOL_CONVERSION = YES;
				CLANG_WARN_COMMA = YES;
				CLANG_WARN_CONSTANT_CONVERSION = YES;
				CLANG_WARN_DEPRECATED_OBJC_IMPLEMENTATIONS = YES;
				CLANG_WARN_DIRECT_OBJC_ISA_USAGE = YES_ERROR;
				CLANG_WARN_DOCUMENTATION_COMMENTS = YES;
				CLANG_WARN_EMPTY_BODY = YES;
				CLANG_WARN_ENUM_CONVERSION = YES;
				CLANG_WARN_INFINITE_RECURSION = YES;
				CLANG_WARN_INT_CONVERSION = YES;
				CLANG_WARN_NON_LITERAL_NULL_CONVERSION = YES;
				CLANG_WARN_OBJC_IMPLICIT_RETAIN_SELF = YES;
				CLANG_WARN_OBJC_LITERAL_CONVERSION = YES;
				CLANG_WARN_OBJC_ROOT_CLASS = YES_ERROR;
				CLANG_WARN_QUOTED_INCLUDE_IN_FRAMEWORK_HEADER = YES;
				CLANG_WARN_RANGE_LOOP_ANALYSIS = YES;
				CLANG_WARN_STRICT_PROTOTYPES = YES;
				CLANG_WARN_SUSPICIOUS_MOVE = YES;
				CLANG_WARN_UNGUARDED_AVAILABILITY = YES_AGGRESSIVE;
				CLANG_WARN_UNREACHABLE_CODE = YES;
				CLANG_WARN__DUPLICATE_METHOD_MATCH = YES;
				COPY_PHASE_STRIP = NO;
				DEBUG_INFORMATION_FORMAT = "dwarf-with-dsym";
				ENABLE_NS_ASSERTIONS = NO;
				ENABLE_STRICT_OBJC_MSGSEND = YES;
				ENABLE_USER_SCRIPT_SANDBOXING = YES;
				GCC_C_LANGUAGE_STANDARD = gnu17;
				GCC_NO_COMMON_BLOCKS = YES;
				GCC_WARN_64_TO_32_BIT_CONVERSION = YES;
				GCC_WARN_ABOUT_RETURN_TYPE = YES_ERROR;
				GCC_WARN_UNDECLARED_SELECTOR = YES;
				GCC_WARN_UNINITIALIZED_AUTOS = YES_AGGRESSIVE;
				GCC_WARN_UNUSED_FUNCTION = YES;
				GCC_WARN_UNUSED_VARIABLE = YES;
				IPHONEOS_DEPLOYMENT_TARGET = 17.5;
				LOCALIZATION_PREFERS_STRING_CATALOGS = YES;
				MTL_ENABLE_DEBUG_INFO = NO;
				MTL_FAST_MATH = YES;
				SDKROOT = iphoneos;
				SWIFT_COMPILATION_MODE = wholemodule;
				VALIDATE_PRODUCT = YES;
			};
			name = Release;
		};
		2D5BBEC52C2E0C8800816AC0 /* Debug */ = {
			isa = XCBuildConfiguration;
			buildSettings = {
				ASSETCATALOG_COMPILER_APPICON_NAME = AppIcon;
				ASSETCATALOG_COMPILER_GLOBAL_ACCENT_COLOR_NAME = AccentColor;
				CODE_SIGN_STYLE = Automatic;
				CURRENT_PROJECT_VERSION = 1;
				DEVELOPMENT_ASSET_PATHS = "\"SpaceXLaunches/Preview Content\"";
				DEVELOPMENT_TEAM = 7PN68ERUJ6;
				ENABLE_PREVIEWS = YES;
				GENERATE_INFOPLIST_FILE = YES;
				INFOPLIST_KEY_CFBundleDisplayName = Launches;
				INFOPLIST_KEY_LSApplicationCategoryType = "public.app-category.utilities";
				INFOPLIST_KEY_UIApplicationSceneManifest_Generation = YES;
				INFOPLIST_KEY_UIApplicationSupportsIndirectInputEvents = YES;
				INFOPLIST_KEY_UILaunchScreen_Generation = YES;
				INFOPLIST_KEY_UISupportedInterfaceOrientations_iPad = "UIInterfaceOrientationPortrait UIInterfaceOrientationPortraitUpsideDown UIInterfaceOrientationLandscapeLeft UIInterfaceOrientationLandscapeRight";
				INFOPLIST_KEY_UISupportedInterfaceOrientations_iPhone = "UIInterfaceOrientationPortrait UIInterfaceOrientationLandscapeLeft UIInterfaceOrientationLandscapeRight";
				LD_RUNPATH_SEARCH_PATHS = (
					"$(inherited)",
					"@executable_path/Frameworks",
				);
				MARKETING_VERSION = 1.0;
				PRODUCT_BUNDLE_IDENTIFIER = com.brightstarsoftware.SpaceXLaunches;
				PRODUCT_NAME = "$(TARGET_NAME)";
				SWIFT_EMIT_LOC_STRINGS = YES;
				SWIFT_VERSION = 5.0;
				TARGETED_DEVICE_FAMILY = "1,2";
			};
			name = Debug;
		};
		2D5BBEC62C2E0C8800816AC0 /* Release */ = {
			isa = XCBuildConfiguration;
			buildSettings = {
				ASSETCATALOG_COMPILER_APPICON_NAME = AppIcon;
				ASSETCATALOG_COMPILER_GLOBAL_ACCENT_COLOR_NAME = AccentColor;
				CODE_SIGN_STYLE = Automatic;
				CURRENT_PROJECT_VERSION = 1;
				DEVELOPMENT_ASSET_PATHS = "\"SpaceXLaunches/Preview Content\"";
				DEVELOPMENT_TEAM = 7PN68ERUJ6;
				ENABLE_PREVIEWS = YES;
				GENERATE_INFOPLIST_FILE = YES;
				INFOPLIST_KEY_CFBundleDisplayName = Launches;
				INFOPLIST_KEY_LSApplicationCategoryType = "public.app-category.utilities";
				INFOPLIST_KEY_UIApplicationSceneManifest_Generation = YES;
				INFOPLIST_KEY_UIApplicationSupportsIndirectInputEvents = YES;
				INFOPLIST_KEY_UILaunchScreen_Generation = YES;
				INFOPLIST_KEY_UISupportedInterfaceOrientations_iPad = "UIInterfaceOrientationPortrait UIInterfaceOrientationPortraitUpsideDown UIInterfaceOrientationLandscapeLeft UIInterfaceOrientationLandscapeRight";
				INFOPLIST_KEY_UISupportedInterfaceOrientations_iPhone = "UIInterfaceOrientationPortrait UIInterfaceOrientationLandscapeLeft UIInterfaceOrientationLandscapeRight";
				LD_RUNPATH_SEARCH_PATHS = (
					"$(inherited)",
					"@executable_path/Frameworks",
				);
				MARKETING_VERSION = 1.0;
				PRODUCT_BUNDLE_IDENTIFIER = com.brightstarsoftware.SpaceXLaunches;
				PRODUCT_NAME = "$(TARGET_NAME)";
				SWIFT_EMIT_LOC_STRINGS = YES;
				SWIFT_VERSION = 5.0;
				TARGETED_DEVICE_FAMILY = "1,2";
			};
			name = Release;
		};
		2D5BBEC82C2E0C8800816AC0 /* Debug */ = {
			isa = XCBuildConfiguration;
			buildSettings = {
				ALWAYS_EMBED_SWIFT_STANDARD_LIBRARIES = YES;
				BUNDLE_LOADER = "$(TEST_HOST)";
				CODE_SIGN_STYLE = Automatic;
				CURRENT_PROJECT_VERSION = 1;
				DEVELOPMENT_TEAM = 7PN68ERUJ6;
				GENERATE_INFOPLIST_FILE = YES;
				IPHONEOS_DEPLOYMENT_TARGET = 17.5;
				MARKETING_VERSION = 1.0;
				PRODUCT_BUNDLE_IDENTIFIER = com.brightstarsoftware.SpaceXLaunchesTests;
				PRODUCT_NAME = "$(TARGET_NAME)";
				SWIFT_EMIT_LOC_STRINGS = NO;
				SWIFT_VERSION = 5.0;
				TARGETED_DEVICE_FAMILY = "1,2";
				TEST_HOST = "$(BUILT_PRODUCTS_DIR)/SpaceXLaunches.app/$(BUNDLE_EXECUTABLE_FOLDER_PATH)/SpaceXLaunches";
			};
			name = Debug;
		};
		2D5BBEC92C2E0C8800816AC0 /* Release */ = {
			isa = XCBuildConfiguration;
			buildSettings = {
				ALWAYS_EMBED_SWIFT_STANDARD_LIBRARIES = YES;
				BUNDLE_LOADER = "$(TEST_HOST)";
				CODE_SIGN_STYLE = Automatic;
				CURRENT_PROJECT_VERSION = 1;
				DEVELOPMENT_TEAM = 7PN68ERUJ6;
				GENERATE_INFOPLIST_FILE = YES;
				IPHONEOS_DEPLOYMENT_TARGET = 17.5;
				MARKETING_VERSION = 1.0;
				PRODUCT_BUNDLE_IDENTIFIER = com.brightstarsoftware.SpaceXLaunchesTests;
				PRODUCT_NAME = "$(TARGET_NAME)";
				SWIFT_EMIT_LOC_STRINGS = NO;
				SWIFT_VERSION = 5.0;
				TARGETED_DEVICE_FAMILY = "1,2";
				TEST_HOST = "$(BUILT_PRODUCTS_DIR)/SpaceXLaunches.app/$(BUNDLE_EXECUTABLE_FOLDER_PATH)/SpaceXLaunches";
			};
			name = Release;
		};
		2D5BBECB2C2E0C8800816AC0 /* Debug */ = {
			isa = XCBuildConfiguration;
			buildSettings = {
				ALWAYS_EMBED_SWIFT_STANDARD_LIBRARIES = YES;
				CODE_SIGN_STYLE = Automatic;
				CURRENT_PROJECT_VERSION = 1;
				DEVELOPMENT_TEAM = 7PN68ERUJ6;
				GENERATE_INFOPLIST_FILE = YES;
				MARKETING_VERSION = 1.0;
				PRODUCT_BUNDLE_IDENTIFIER = com.brightstarsoftware.SpaceXLaunchesUITests;
				PRODUCT_NAME = "$(TARGET_NAME)";
				SWIFT_EMIT_LOC_STRINGS = NO;
				SWIFT_VERSION = 5.0;
				TARGETED_DEVICE_FAMILY = "1,2";
				TEST_TARGET_NAME = SpaceXLaunches;
			};
			name = Debug;
		};
		2D5BBECC2C2E0C8800816AC0 /* Release */ = {
			isa = XCBuildConfiguration;
			buildSettings = {
				ALWAYS_EMBED_SWIFT_STANDARD_LIBRARIES = YES;
				CODE_SIGN_STYLE = Automatic;
				CURRENT_PROJECT_VERSION = 1;
				DEVELOPMENT_TEAM = 7PN68ERUJ6;
				GENERATE_INFOPLIST_FILE = YES;
				MARKETING_VERSION = 1.0;
				PRODUCT_BUNDLE_IDENTIFIER = com.brightstarsoftware.SpaceXLaunchesUITests;
				PRODUCT_NAME = "$(TARGET_NAME)";
				SWIFT_EMIT_LOC_STRINGS = NO;
				SWIFT_VERSION = 5.0;
				TARGETED_DEVICE_FAMILY = "1,2";
				TEST_TARGET_NAME = SpaceXLaunches;
			};
			name = Release;
		};
/* End XCBuildConfiguration section */

/* Begin XCConfigurationList section */
		2D5BBE992C2E0C8800816AC0 /* Build configuration list for PBXProject "SpaceXLaunches" */ = {
			isa = XCConfigurationList;
			buildConfigurations = (
				2D5BBEC22C2E0C8800816AC0 /* Debug */,
				2D5BBEC32C2E0C8800816AC0 /* Release */,
			);
			defaultConfigurationIsVisible = 0;
			defaultConfigurationName = Release;
		};
		2D5BBEC42C2E0C8800816AC0 /* Build configuration list for PBXNativeTarget "SpaceXLaunches" */ = {
			isa = XCConfigurationList;
			buildConfigurations = (
				2D5BBEC52C2E0C8800816AC0 /* Debug */,
				2D5BBEC62C2E0C8800816AC0 /* Release */,
			);
			defaultConfigurationIsVisible = 0;
			defaultConfigurationName = Release;
		};
		2D5BBEC72C2E0C8800816AC0 /* Build configuration list for PBXNativeTarget "SpaceXLaunchesTests" */ = {
			isa = XCConfigurationList;
			buildConfigurations = (
				2D5BBEC82C2E0C8800816AC0 /* Debug */,
				2D5BBEC92C2E0C8800816AC0 /* Release */,
			);
			defaultConfigurationIsVisible = 0;
			defaultConfigurationName = Release;
		};
		2D5BBECA2C2E0C8800816AC0 /* Build configuration list for PBXNativeTarget "SpaceXLaunchesUITests" */ = {
			isa = XCConfigurationList;
			buildConfigurations = (
				2D5BBECB2C2E0C8800816AC0 /* Debug */,
				2D5BBECC2C2E0C8800816AC0 /* Release */,
			);
			defaultConfigurationIsVisible = 0;
			defaultConfigurationName = Release;
		};
/* End XCConfigurationList section */
	};
	rootObject = 2D5BBE962C2E0C8800816AC0 /* Project object */;
}
